
Microsoft Visual Studio Solution File, Format Version 12.00
# Visual Studio Version 17
VisualStudioVersion = 17.3.32825.248
MinimumVisualStudioVersion = 10.0.40219.1
Project("{FAE04EC0-301F-11D3-BF4B-00C04F79EFBC}") = "blackjack1", "blackjack1\blackjack1.csproj", "{86280809-F5E2-4D5F-B420-6D3AB96DF9A5}"
EndProject
Global
	GlobalSection(SolutionConfigurationPlatforms) = preSolution
		Debug|Any CPU = Debug|Any CPU
		Release|Any CPU = Release|Any CPU
	EndGlobalSection
	GlobalSection(ProjectConfigurationPlatforms) = postSolution
		{86280809-F5E2-4D5F-B420-6D3AB96DF9A5}.Debug|Any CPU.ActiveCfg = Debug|Any CPU
		{86280809-F5E2-4D5F-B420-6D3AB96DF9A5}.Debug|Any CPU.Build.0 = Debug|Any CPU
		{86280809-F5E2-4D5F-B420-6D3AB96DF9A5}.Release|Any CPU.ActiveCfg = Release|Any CPU
		{86280809-F5E2-4D5F-B420-6D3AB96DF9A5}.Release|Any CPU.Build.0 = Release|Any CPU
	EndGlobalSection
	GlobalSection(SolutionProperties) = preSolution
		HideSolutionNode = FALSE
	EndGlobalSection
	GlobalSection(ExtensibilityGlobals) = postSolution
		SolutionGuid = {B382CCDE-749D-4F06-8F3D-274F35A33435}
	EndGlobalSection
EndGlobal
